
Microsoft Visual Studio Solution File, Format Version 12.00
# Visual Studio Version 16
VisualStudioVersion = 16.0.29728.190
MinimumVisualStudioVersion = 10.0.40219.1
Project("{9A19103F-16F7-4668-BE54-9A1E7A4F7556}") = "MediatorPattern", "MediatorPattern\MediatorPattern.csproj", "{9099E999-513E-4D33-BA4D-0CD2B1F65645}"
EndProject
Project("{9A19103F-16F7-4668-BE54-9A1E7A4F7556}") = "MediatorPattern.Persistence", "MediatorPattern.Persistence\MediatorPattern.Persistence.csproj", "{B5B96E8D-AFA5-417F-B8ED-B0B459C73A5B}"
EndProject
Project("{FAE04EC0-301F-11D3-BF4B-00C04F79EFBC}") = "MediatorPattern.Domain", "MediatorPattern.Domain\MediatorPattern.Domain.csproj", "{8495D981-0119-49B6-A35F-20DA1C3D6B0B}"
EndProject
Project("{FAE04EC0-301F-11D3-BF4B-00C04F79EFBC}") = "MediatorPattern.Application", "MediatorPattern.Application\MediatorPattern.Application.csproj", "{EE9E26F7-13A3-40CD-B2B6-9CB8FE180613}"
EndProject
Global
	GlobalSection(SolutionConfigurationPlatforms) = preSolution
		Debug|Any CPU = Debug|Any CPU
		Release|Any CPU = Release|Any CPU
	EndGlobalSection
	GlobalSection(ProjectConfigurationPlatforms) = postSolution
		{9099E999-513E-4D33-BA4D-0CD2B1F65645}.Debug|Any CPU.ActiveCfg = Debug|Any CPU
		{9099E999-513E-4D33-BA4D-0CD2B1F65645}.Debug|Any CPU.Build.0 = Debug|Any CPU
		{9099E999-513E-4D33-BA4D-0CD2B1F65645}.Release|Any CPU.ActiveCfg = Release|Any CPU
		{9099E999-513E-4D33-BA4D-0CD2B1F65645}.Release|Any CPU.Build.0 = Release|Any CPU
		{B5B96E8D-AFA5-417F-B8ED-B0B459C73A5B}.Debug|Any CPU.ActiveCfg = Debug|Any CPU
		{B5B96E8D-AFA5-417F-B8ED-B0B459C73A5B}.Debug|Any CPU.Build.0 = Debug|Any CPU
		{B5B96E8D-AFA5-417F-B8ED-B0B459C73A5B}.Release|Any CPU.ActiveCfg = Release|Any CPU
		{B5B96E8D-AFA5-417F-B8ED-B0B459C73A5B}.Release|Any CPU.Build.0 = Release|Any CPU
		{8495D981-0119-49B6-A35F-20DA1C3D6B0B}.Debug|Any CPU.ActiveCfg = Debug|Any CPU
		{8495D981-0119-49B6-A35F-20DA1C3D6B0B}.Debug|Any CPU.Build.0 = Debug|Any CPU
		{8495D981-0119-49B6-A35F-20DA1C3D6B0B}.Release|Any CPU.ActiveCfg = Release|Any CPU
		{8495D981-0119-49B6-A35F-20DA1C3D6B0B}.Release|Any CPU.Build.0 = Release|Any CPU
		{EE9E26F7-13A3-40CD-B2B6-9CB8FE180613}.Debug|Any CPU.ActiveCfg = Debug|Any CPU
		{EE9E26F7-13A3-40CD-B2B6-9CB8FE180613}.Debug|Any CPU.Build.0 = Debug|Any CPU
		{EE9E26F7-13A3-40CD-B2B6-9CB8FE180613}.Release|Any CPU.ActiveCfg = Release|Any CPU
		{EE9E26F7-13A3-40CD-B2B6-9CB8FE180613}.Release|Any CPU.Build.0 = Release|Any CPU
	EndGlobalSection
	GlobalSection(SolutionProperties) = preSolution
		HideSolutionNode = FALSE
	EndGlobalSection
	GlobalSection(ExtensibilityGlobals) = postSolution
		SolutionGuid = {BD3898F5-62C7-490B-8854-24D46A9E0174}
	EndGlobalSection
EndGlobal
